<?xml version="1.0" encoding="UTF-8" standalone="yes" ?>
<CodeBlocks_project_file>
	<FileVersion major="1" minor="6" />
	<Project>
		<Option title="codeblocks-opener" />
		<Option pch_mode="2" />
		<Option compiler="gcc" />
		<Build>
			<Target title="Linux">
				<Option output="bin/Linux/codeblocks-opener" prefix_auto="1" extension_auto="1" />
				<Option object_output="obj/Linux/" />
				<Option type="1" />
				<Option compiler="gcc" />
				<Option parameters="codeblocks:animacao-cor/CodeBlocks/animacao.cbp" />
				<Compiler>
					<Add option="-g" />
					<Add option="-DLINUX" />
				</Compiler>
			</Target>
			<Target title="Windows">
				<Option output="bin/Windows/codeblocks-opener" prefix_auto="1" extension_auto="1" />
				<Option object_output="obj/Windows/" />
				<Option type="1" />
				<Option compiler="gcc" />
				<Option parameters="codeblocks:animacao-cor/CodeBlocks/animacao.cbp" />
				<Compiler>
					<Add option="-g" />
					<Add option="-DWINDOWS" />
				</Compiler>
			</Target>
		</Build>
		<Compiler>
			<Add option="-Wall" />
			<Add option="-fexceptions" />
		</Compiler>
		<Unit filename="config.properties" />
		<Unit filename="main.cpp" />
		<Extensions>
			<code_completion />
			<envvars />
			<debugger />
		</Extensions>
	</Project>
</CodeBlocks_project_file>
